{
    "_readme": [
        "This file locks the dependencies of your project to a known state",
        "Read more about it at https://getcomposer.org/doc/01-basic-usage.md#installing-dependencies",
        "This file is @generated automatically"
    ],
    "content-hash": "c46fa78c887a0f768a446f7dd02944df",
    "packages": [],
    "packages-dev": [],
    "aliases": [],
    "minimum-stability": "stable",
    "stability-flags": [],
    "prefer-stable": false,
    "prefer-lowest": false,
    "platform": {
        "php": ">=7.2",
        "composer-runtime-api": "*"
    },
    "platform-dev": {
        "php": ">=7.2",
        "composer-runtime-api": "*"
    },
    "plugin-api-version": "2.1.0"
}
